{
  "name": "test-root",
  "lockfileVersion": 3,
  "requires": true,
  "packages": {
    "": {
      "name": "test-root",
      "workspaces": [
        "applications/*"
      ]
    },
    "applications/applicationA": {
      "name": "application-a"
    },
    "node_modules/application-a": {
      "resolved": "applications/applicationA",
      "link": true
    }
  }
}
