{
  "lockfileVersion": 1,
  "configVersion": 1,
  "workspaces": {
    "": {
      "name": "verify-ancestor-import-ignore-root",
      "dependencies": {
        "shared-lib": "workspace:*",
      },
    },
    "packages/shared-lib": {
      "name": "shared-lib",
    },
    "packages/app": {
      "name": "app",
    },
  },
  "packages": {
    "shared-lib": ["shared-lib@workspace:packages/shared-lib"],

    "app": ["app@workspace:packages/app"],
  }
}
