{
  "lockfileVersion": 1,
  "configVersion": 1,
  "workspaces": {
    "": {
      "name": "sandbox-test-project",
      "dependencies": {
        "bun-workspaces": "1.11.1",
      },
    },
    "workspaces/parallel-max-a": {
      "name": "parallel-max-a",
    },
    "workspaces/parallel-max-b": {
      "name": "parallel-max-b",
    },
    "workspaces/parallel-max-c": {
      "name": "parallel-max-c",
    },
    "workspaces/parallel-max-d": {
      "name": "parallel-max-d",
    },
    "workspaces/parallel-max-e": {
      "name": "parallel-max-e",
    },
    "workspaces/workspace-a": {
      "name": "workspace-a",
    },
    "workspaces/workspace-b": {
      "name": "workspace-b",
      "dependencies": {
        "workspace-c": "workspace:*",
      },
    },
    "workspaces/workspace-c": {
      "name": "workspace-c",
    },
  },
  "packages": {
    "bun-workspaces": ["bun-workspaces@1.11.1", "", { "bin": { "bun-workspaces": "bin/cli.js", "bw": "bin/cli.js" } }, "sha512-wnB6G+NvkFgKIhIV/D/GWdS9RaeasxFscaYpWP7oX8qNrIEnFPwnyIR2zYNk6Z6VUhMe2D+aHAK7/VdRKucbpg=="],

    "parallel-max-a": ["parallel-max-a@workspace:workspaces/parallel-max-a"],

    "parallel-max-b": ["parallel-max-b@workspace:workspaces/parallel-max-b"],

    "parallel-max-c": ["parallel-max-c@workspace:workspaces/parallel-max-c"],

    "parallel-max-d": ["parallel-max-d@workspace:workspaces/parallel-max-d"],

    "parallel-max-e": ["parallel-max-e@workspace:workspaces/parallel-max-e"],

    "workspace-a": ["workspace-a@workspace:workspaces/workspace-a"],

    "workspace-b": ["workspace-b@workspace:workspaces/workspace-b"],

    "workspace-c": ["workspace-c@workspace:workspaces/workspace-c"],
  }
}
