{
  "name": "test-root",
  "lockfileVersion": 3,
  "requires": true,
  "packages": {
    "": {
      "name": "test-root",
      "workspaces": [
        "packages/*"
      ]
    },
    "node_modules/a-depends-e": {
      "resolved": "packages/a-depends-e",
      "link": true
    },
    "node_modules/b-depends-cd": {
      "resolved": "packages/b-depends-cd",
      "link": true
    },
    "node_modules/c-depends-e": {
      "resolved": "packages/c-depends-e",
      "link": true
    },
    "node_modules/d-depends-e": {
      "resolved": "packages/d-depends-e",
      "link": true
    },
    "node_modules/e": {
      "resolved": "packages/e",
      "link": true
    },
    "packages/a-depends-e": {
      "dependencies": {
        "e": "*"
      }
    },
    "packages/b-depends-cd": {
      "dependencies": {
        "d-depends-e": "*"
      },
      "optionalDependencies": {
        "c-depends-e": "*"
      }
    },
    "packages/c-depends-e": {
      "devDependencies": {
        "e": "*"
      }
    },
    "packages/d-depends-e": {
      "peerDependencies": {
        "e": "*"
      }
    },
    "packages/e": {}
  }
}
