{
  "name": "test-root",
  "lockfileVersion": 3,
  "requires": true,
  "packages": {
    "": {
      "name": "test-root",
      "workspaces": [
        "packages/*"
      ]
    },
    "node_modules/lib-a": {
      "resolved": "packages/lib-a",
      "link": true
    },
    "node_modules/lib-b": {
      "resolved": "packages/lib-b",
      "link": true
    },
    "node_modules/app-c": {
      "resolved": "packages/app-c",
      "link": true
    },
    "node_modules/app-d": {
      "resolved": "packages/app-d",
      "link": true
    },
    "node_modules/app-e": {
      "resolved": "packages/app-e",
      "link": true
    },
    "packages/lib-a": {
      "name": "lib-a"
    },
    "packages/lib-b": {
      "name": "lib-b",
      "dependencies": {
        "lib-a": "*"
      }
    },
    "packages/app-c": {
      "name": "app-c",
      "dependencies": {
        "lib-a": "*"
      }
    },
    "packages/app-d": {
      "name": "app-d"
    },
    "packages/app-e": {
      "name": "app-e"
    }
  }
}
